{
  "name": "CommandSaver",
  "lockfileVersion": 3,
  "requires": true,
  "packages": {
    "": {
      "dependencies": {
        "rich": "^0.0.0"
      }
    },
    "node_modules/rich": {
      "version": "0.0.0",
      "resolved": "https://registry.npmjs.org/rich/-/rich-0.0.0.tgz",
      "integrity": "sha512-GkXaRw2S4qqvbEL1/mVVv8DA1b5waRyX7QGxCw1Nu6QZn2uG9+L202pzlaxI0okUfenE96YnaGkISybUEeqznw=="
    }
  }
}
